# This file is automatically @generated by Cargo.
# It is not intended for manual editing.
version = 4

[[package]]
name = "cm-core"
version = "0.0.0"

[[package]]
name = "cm-platform"
version = "0.0.0"

[[package]]
name = "cm-secrets"
version = "0.0.0"

[[package]]
name = "cm-session"
version = "0.0.0"

[[package]]
name = "cm-storage"
version = "0.0.0"

[[package]]
name = "cm-ui"
version = "0.0.0"

[[package]]
name = "conman"
version = "0.0.0"
dependencies = [
 "cm-core",
 "cm-platform",
 "cm-secrets",
 "cm-session",
 "cm-storage",
 "cm-ui",
]
